
Microsoft Visual Studio Solution File, Format Version 12.00
# Visual Studio Version 17
VisualStudioVersion = 17.2.32602.215
MinimumVisualStudioVersion = 10.0.40219.1
Project("{FAE04EC0-301F-11D3-BF4B-00C04F79EFBC}") = "rtspTryConsole1", "rtspTryConsole1.csproj", "{15C7EE47-797E-46DC-AB9F-C2C9957A45FF}"
EndProject
Global
	GlobalSection(SolutionConfigurationPlatforms) = preSolution
		Debug|Any CPU = Debug|Any CPU
		Release|Any CPU = Release|Any CPU
	EndGlobalSection
	GlobalSection(ProjectConfigurationPlatforms) = postSolution
		{15C7EE47-797E-46DC-AB9F-C2C9957A45FF}.Debug|Any CPU.ActiveCfg = Debug|Any CPU
		{15C7EE47-797E-46DC-AB9F-C2C9957A45FF}.Debug|Any CPU.Build.0 = Debug|Any CPU
		{15C7EE47-797E-46DC-AB9F-C2C9957A45FF}.Release|Any CPU.ActiveCfg = Release|Any CPU
		{15C7EE47-797E-46DC-AB9F-C2C9957A45FF}.Release|Any CPU.Build.0 = Release|Any CPU
	EndGlobalSection
	GlobalSection(SolutionProperties) = preSolution
		HideSolutionNode = FALSE
	EndGlobalSection
	GlobalSection(ExtensibilityGlobals) = postSolution
		SolutionGuid = {521CF3BB-9250-4E5F-8632-A02BDCB034C3}
	EndGlobalSection
EndGlobal
